// !$*UTF8*$!
{
	archiveVersion = 1;
	classes = {
	};
	objectVersion = 46;
	objects = {

/* Begin PBXBuildFile section */
		300DD5F71F40AEF300F66E05 /* AppDelegate.swift in Sources */ = {isa = PBXBuildFile; fileRef = 300DD5F61F40AEF300F66E05 /* AppDelegate.swift */; };
		300DD5F91F40AEF300F66E05 /* ViewController.swift in Sources */ = {isa = PBXBuildFile; fileRef = 300DD5F81F40AEF300F66E05 /* ViewController.swift */; };
		300DD5FC1F40AEF300F66E05 /* Main.storyboard in Resources */ = {isa = PBXBuildFile; fileRef = 300DD5FA1F40AEF300F66E05 /* Main.storyboard */; };
		300DD5FE1F40AEF400F66E05 /* Assets.xcassets in Resources */ = {isa = PBXBuildFile; fileRef = 300DD5FD1F40AEF400F66E05 /* Assets.xcassets */; };
		300DD6011F40AEF400F66E05 /* LaunchScreen.storyboard in Resources */ = {isa = PBXBuildFile; fileRef = 300DD5FF1F40AEF400F66E05 /* LaunchScreen.storyboard */; };
/* End PBXBuildFile section */

/* Begin PBXFileReference section */
		300DD5F31F40AEF300F66E05 /* Where my money.app */ = {isa = PBXFileReference; explicitFileType = wrapper.application; includeInIndex = 0; path = "Where my money.app"; sourceTree = BUILT_PRODUCTS_DIR; };
		300DD5F61F40AEF300F66E05 /* AppDelegate.swift */ = {isa = PBXFileReference; lastKnownFileType = sourcecode.swift; path = AppDelegate.swift; sourceTree = "<group>"; };
		300DD5F81F40AEF300F66E05 /* ViewController.swift */ = {isa = PBXFileReference; lastKnownFileType = sourcecode.swift; path = ViewController.swift; sourceTree = "<group>"; };
		300DD5FB1F40AEF300F66E05 /* Base */ = {isa = PBXFileReference; lastKnownFileType = file.storyboard; name = Base; path = Base.lproj/Main.storyboard; sourceTree = "<group>"; };
		300DD5FD1F40AEF400F66E05 /* Assets.xcassets */ = {isa = PBXFileReference; lastKnownFileType = folder.assetcatalog; path = Assets.xcassets; sourceTree = "<group>"; };
		300DD6001F40AEF400F66E05 /* Base */ = {isa = PBXFileReference; lastKnownFileType = file.storyboard; name = Base; path = Base.lproj/LaunchScreen.storyboard; sourceTree = "<group>"; };
		300DD6021F40AEF400F66E05 /* Info.plist */ = {isa = PBXFileReference; lastKnownFileType = text.plist.xml; path = Info.plist; sourceTree = "<group>"; };
/* End PBXFileReference section */

/* Begin PBXFrameworksBuildPhase section */
		300DD5F01F40AEF300F66E05 /* Frameworks */ = {
			isa = PBXFrameworksBuildPhase;
			buildActionMask = 2147483647;
			files = (
			);
			runOnlyForDeploymentPostprocessing = 0;
		};
/* End PBXFrameworksBuildPhase section */

/* Begin PBXGroup section */
		300DD5EA1F40AEF300F66E05 = {
			isa = PBXGroup;
			children = (
				300DD5F51F40AEF300F66E05 /* Where my money */,
				300DD5F41F40AEF300F66E05 /* Products */,
			);
			sourceTree = "<group>";
		};
		300DD5F41F40AEF300F66E05 /* Products */ = {
			isa = PBXGroup;
			children = (
				300DD5F31F40AEF300F66E05 /* Where my money.app */,
			);
			name = Products;
			sourceTree = "<group>";
		};
		300DD5F51F40AEF300F66E05 /* Where my money */ = {
			isa = PBXGroup;
			children = (
				300DD5F61F40AEF300F66E05 /* AppDelegate.swift */,
				300DD5F81F40AEF300F66E05 /* ViewController.swift */,
				300DD5FA1F40AEF300F66E05 /* Main.storyboard */,
				300DD5FD1F40AEF400F66E05 /* Assets.xcassets */,
				300DD5FF1F40AEF400F66E05 /* LaunchScreen.storyboard */,
				300DD6021F40AEF400F66E05 /* Info.plist */,
			);
			path = "Where my money";
			sourceTree = "<group>";
		};
/* End PBXGroup section */

/* Begin PBXNativeTarget section */
		300DD5F21F40AEF300F66E05 /* Where my money */ = {
			isa = PBXNativeTarget;
			buildConfigurationList = 300DD6051F40AEF400F66E05 /* Build configuration list for PBXNativeTarget "Where my money" */;
			buildPhases = (
				300DD5EF1F40AEF300F66E05 /* Sources */,
				300DD5F01F40AEF300F66E05 /* Frameworks */,
				300DD5F11F40AEF300F66E05 /* Resources */,
			);
			buildRules = (
			);
			dependencies = (
			);
			name = "Where my money";
			productName = "Where my money";
			productReference = 300DD5F31F40AEF300F66E05 /* Where my money.app */;
			productType = "com.apple.product-type.application";
		};
/* End PBXNativeTarget section */

/* Begin PBXProject section */
		300DD5EB1F40AEF300F66E05 /* Project object */ = {
			isa = PBXProject;
			attributes = {
				LastSwiftUpdateCheck = 0710;
				LastUpgradeCheck = 0710;
				ORGANIZATIONNAME = Roman;
				TargetAttributes = {
					300DD5F21F40AEF300F66E05 = {
						CreatedOnToolsVersion = 7.1;
					};
				};
			};
			buildConfigurationList = 300DD5EE1F40AEF300F66E05 /* Build configuration list for PBXProject "Where my money" */;
			compatibilityVersion = "Xcode 3.2";
			developmentRegion = English;
			hasScannedForEncodings = 0;
			knownRegions = (
				en,
				Base,
			);
			mainGroup = 300DD5EA1F40AEF300F66E05;
			productRefGroup = 300DD5F41F40AEF300F66E05 /* Products */;
			projectDirPath = "";
			projectRoot = "";
			targets = (
				300DD5F21F40AEF300F66E05 /* Where my money */,
			);
		};
/* End PBXProject section */

/* Begin PBXResourcesBuildPhase section */
		300DD5F11F40AEF300F66E05 /* Resources */ = {
			isa = PBXResourcesBuildPhase;
			buildActionMask = 2147483647;
			files = (
				300DD6011F40AEF400F66E05 /* LaunchScreen.storyboard in Resources */,
				300DD5FE1F40AEF400F66E05 /* Assets.xcassets in Resources */,
				300DD5FC1F40AEF300F66E05 /* Main.storyboard in Resources */,
			);
			runOnlyForDeploymentPostprocessing = 0;
		};
/* End PBXResourcesBuildPhase section */

/* Begin PBXSourcesBuildPhase section */
		300DD5EF1F40AEF300F66E05 /* Sources */ = {
			isa = PBXSourcesBuildPhase;
			buildActionMask = 2147483647;
			files = (
				300DD5F91F40AEF300F66E05 /* ViewController.swift in Sources */,
				300DD5F71F40AEF300F66E05 /* AppDelegate.swift in Sources */,
			);
			runOnlyForDeploymentPostprocessing = 0;
		};
/* End PBXSourcesBuildPhase section */

/* Begin PBXVariantGroup section */
		300DD5FA1F40AEF300F66E05 /* Main.storyboard */ = {
			isa = PBXVariantGroup;
			children = (
				300DD5FB1F40AEF300F66E05 /* Base */,
			);
			name = Main.storyboard;
			sourceTree = "<group>";
		};
		300DD5FF1F40AEF400F66E05 /* LaunchScreen.storyboard */ = {
			isa = PBXVariantGroup;
			children = (
				300DD6001F40AEF400F66E05 /* Base */,
			);
			name = LaunchScreen.storyboard;
			sourceTree = "<group>";
		};
/* End PBXVariantGroup section */

/* Begin XCBuildConfiguration section */
		300DD6031F40AEF400F66E05 /* Debug */ = {
			isa = XCBuildConfiguration;
			buildSettings = {
				ALWAYS_SEARCH_USER_PATHS = NO;
				CLANG_CXX_LANGUAGE_STANDARD = "gnu++0x";
				CLANG_CXX_LIBRARY = "libc++";
				CLANG_ENABLE_MODULES = YES;
				CLANG_ENABLE_OBJC_ARC = YES;
				CLANG_WARN_BOOL_CONVERSION = YES;
				CLANG_WARN_CONSTANT_CONVERSION = YES;
				CLANG_WARN_DIRECT_OBJC_ISA_USAGE = YES_ERROR;
				CLANG_WARN_EMPTY_BODY = YES;
				CLANG_WARN_ENUM_CONVERSION = YES;
				CLANG_WARN_INT_CONVERSION = YES;
				CLANG_WARN_OBJC_ROOT_CLASS = YES_ERROR;
				CLANG_WARN_UNREACHABLE_CODE = YES;
				CLANG_WARN__DUPLICATE_METHOD_MATCH = YES;
				"CODE_SIGN_IDENTITY[sdk=iphoneos*]" = "iPhone Developer";
				COPY_PHASE_STRIP = NO;
				DEBUG_INFORMATION_FORMAT = dwarf;
				ENABLE_STRICT_OBJC_MSGSEND = YES;
				ENABLE_TESTABILITY = YES;
				GCC_C_LANGUAGE_STANDARD = gnu99;
				GCC_DYNAMIC_NO_PIC = NO;
				GCC_NO_COMMON_BLOCKS = YES;
				GCC_OPTIMIZATION_LEVEL = 0;
				GCC_PREPROCESSOR_DEFINITIONS = (
					"DEBUG=1",
					"$(inherited)",
				);
				GCC_WARN_64_TO_32_BIT_CONVERSION = YES;
				GCC_WARN_ABOUT_RETURN_TYPE = YES_ERROR;
				GCC_WARN_UNDECLARED_SELECTOR = YES;
				GCC_WARN_UNINITIALIZED_AUTOS = YES_AGGRESSIVE;
				GCC_WARN_UNUSED_FUNCTION = YES;
				GCC_WARN_UNUSED_VARIABLE = YES;
				IPHONEOS_DEPLOYMENT_TARGET = 9.1;
				MTL_ENABLE_DEBUG_INFO = YES;
				ONLY_ACTIVE_ARCH = YES;
				SDKROOT = iphoneos;
				SWIFT_OPTIMIZATION_LEVEL = "-Onone";
			};
			name = Debug;
		};
		300DD6041F40AEF400F66E05 /* Release */ = {
			isa = XCBuildConfiguration;
			buildSettings = {
				ALWAYS_SEARCH_USER_PATHS = NO;
				CLANG_CXX_LANGUAGE_STANDARD = "gnu++0x";
				CLANG_CXX_LIBRARY = "libc++";
				CLANG_ENABLE_MODULES = YES;
				CLANG_ENABLE_OBJC_ARC = YES;
				CLANG_WARN_BOOL_CONVERSION = YES;
				CLANG_WARN_CONSTANT_CONVERSION = YES;
				CLANG_WARN_DIRECT_OBJC_ISA_USAGE = YES_ERROR;
				CLANG_WARN_EMPTY_BODY = YES;
				CLANG_WARN_ENUM_CONVERSION = YES;
				CLANG_WARN_INT_CONVERSION = YES;
				CLANG_WARN_OBJC_ROOT_CLASS = YES_ERROR;
				CLANG_WARN_UNREACHABLE_CODE = YES;
				CLANG_WARN__DUPLICATE_METHOD_MATCH = YES;
				"CODE_SIGN_IDENTITY[sdk=iphoneos*]" = "iPhone Developer";
				COPY_PHASE_STRIP = NO;
				DEBUG_INFORMATION_FORMAT = "dwarf-with-dsym";
				ENABLE_NS_ASSERTIONS = NO;
				ENABLE_STRICT_OBJC_MSGSEND = YES;
				GCC_C_LANGUAGE_STANDARD = gnu99;
				GCC_NO_COMMON_BLOCKS = YES;
				GCC_WARN_64_TO_32_BIT_CONVERSION = YES;
				GCC_WARN_ABOUT_RETURN_TYPE = YES_ERROR;
				GCC_WARN_UNDECLARED_SELECTOR = YES;
				GCC_WARN_UNINITIALIZED_AUTOS = YES_AGGRESSIVE;
				GCC_WARN_UNUSED_FUNCTION = YES;
				GCC_WARN_UNUSED_VARIABLE = YES;
				IPHONEOS_DEPLOYMENT_TARGET = 9.1;
				MTL_ENABLE_DEBUG_INFO = NO;
				SDKROOT = iphoneos;
				VALIDATE_PRODUCT = YES;
			};
			name = Release;
		};
		300DD6061F40AEF400F66E05 /* Debug */ = {
			isa = XCBuildConfiguration;
			buildSettings = {
				ASSETCATALOG_COMPILER_APPICON_NAME = AppIcon;
				INFOPLIST_FILE = "Where my money/Info.plist";
				LD_RUNPATH_SEARCH_PATHS = "$(inherited) @executable_path/Frameworks";
				PRODUCT_BUNDLE_IDENTIFIER = "ru.romanbrazhnikov.Where-my-money";
				PRODUCT_NAME = "$(TARGET_NAME)";
			};
			name = Debug;
		};
		300DD6071F40AEF400F66E05 /* Release */ = {
			isa = XCBuildConfiguration;
			buildSettings = {
				ASSETCATALOG_COMPILER_APPICON_NAME = AppIcon;
				INFOPLIST_FILE = "Where my money/Info.plist";
				LD_RUNPATH_SEARCH_PATHS = "$(inherited) @executable_path/Frameworks";
				PRODUCT_BUNDLE_IDENTIFIER = "ru.romanbrazhnikov.Where-my-money";
				PRODUCT_NAME = "$(TARGET_NAME)";
			};
			name = Release;
		};
/* End XCBuildConfiguration section */

/* Begin XCConfigurationList section */
		300DD5EE1F40AEF300F66E05 /* Build configuration list for PBXProject "Where my money" */ = {
			isa = XCConfigurationList;
			buildConfigurations = (
				300DD6031F40AEF400F66E05 /* Debug */,
				300DD6041F40AEF400F66E05 /* Release */,
			);
			defaultConfigurationIsVisible = 0;
			defaultConfigurationName = Release;
		};
		300DD6051F40AEF400F66E05 /* Build configuration list for PBXNativeTarget "Where my money" */ = {
			isa = XCConfigurationList;
			buildConfigurations = (
				300DD6061F40AEF400F66E05 /* Debug */,
				300DD6071F40AEF400F66E05 /* Release */,
			);
			defaultConfigurationIsVisible = 0;
		};
/* End XCConfigurationList section */
	};
	rootObject = 300DD5EB1F40AEF300F66E05 /* Project object */;
}
